
Microsoft Visual Studio Solution File, Format Version 12.00
Project("{FAE04EC0-301F-11D3-BF4B-00C04F79EFBC}") = "dummyDependency", "dummyDependency\dummyDependency.csproj", "{ECC30832-8582-44F8-B1BC-20E420F5CD5E}"
EndProject
Global
	GlobalSection(SolutionConfigurationPlatforms) = preSolution
		Debug|Any CPU = Debug|Any CPU
		Release|Any CPU = Release|Any CPU
	EndGlobalSection
	GlobalSection(ProjectConfigurationPlatforms) = postSolution
		{ECC30832-8582-44F8-B1BC-20E420F5CD5E}.Debug|Any CPU.ActiveCfg = Debug|Any CPU
		{ECC30832-8582-44F8-B1BC-20E420F5CD5E}.Debug|Any CPU.Build.0 = Debug|Any CPU
		{ECC30832-8582-44F8-B1BC-20E420F5CD5E}.Release|Any CPU.ActiveCfg = Release|Any CPU
		{ECC30832-8582-44F8-B1BC-20E420F5CD5E}.Release|Any CPU.Build.0 = Release|Any CPU
	EndGlobalSection
EndGlobal
